
Microsoft Visual Studio Solution File, Format Version 12.00
# Visual Studio Version 17
VisualStudioVersion = 17.12.35527.113
MinimumVisualStudioVersion = 10.0.40219.1
Project("{2150E333-8FDC-42A3-9474-1A3956D46DE8}") = "Services", "Services", "{F51711A0-D648-4875-83EC-68B0C2E6D02C}"
EndProject
Project("{2150E333-8FDC-42A3-9474-1A3956D46DE8}") = "Catalog", "Catalog", "{6277D076-5942-4A3E-8CA1-CC9FE2DB68CC}"
EndProject
Project("{FAE04EC0-301F-11D3-BF4B-00C04F79EFBC}") = "Catalog.API", "Services\Catalog\Catalog.API\Catalog.API.csproj", "{12B2453D-7112-4797-9F16-01B73FB41F63}"
EndProject
Project("{2150E333-8FDC-42A3-9474-1A3956D46DE8}") = "BuildingBlocks", "BuildingBlocks", "{6C16EB15-F60C-419A-9928-8E29902B51BA}"
EndProject
Project("{FAE04EC0-301F-11D3-BF4B-00C04F79EFBC}") = "BuildingBlocks", "BuildingBlocks\BuildingBlocks\BuildingBlocks.csproj", "{9A985CA0-CC95-4770-BF3B-7010E2C7D8B7}"
EndProject
Project("{E53339B2-1760-4266-BCC7-CA923CBCF16C}") = "docker-compose", "docker-compose.dcproj", "{29D51C2E-0E40-4BD2-B1FF-FCDE3D91DB38}"
EndProject
Project("{2150E333-8FDC-42A3-9474-1A3956D46DE8}") = "Basket", "Basket", "{9FA57B4E-6C05-4E18-B8B0-CFAF95637DFF}"
EndProject
Project("{FAE04EC0-301F-11D3-BF4B-00C04F79EFBC}") = "Basket.API", "Services\Basket\Basket.API\Basket.API.csproj", "{07C5965F-6D53-4AEC-8B95-DBF0AAC5C6C8}"
EndProject
Project("{2150E333-8FDC-42A3-9474-1A3956D46DE8}") = "Discount", "Discount", "{82B54994-8229-4AEB-BD93-C62769E2F42D}"
EndProject
Project("{FAE04EC0-301F-11D3-BF4B-00C04F79EFBC}") = "Discount.Grpc", "Services\Discount\Discount.Grpc\Discount.Grpc.csproj", "{7A9F795E-D879-48FF-B627-523DBFC78FF8}"
EndProject
Project("{2150E333-8FDC-42A3-9474-1A3956D46DE8}") = "Ordering", "Ordering", "{59C74370-CD95-4207-A3C2-08301C97B6D0}"
EndProject
Project("{FAE04EC0-301F-11D3-BF4B-00C04F79EFBC}") = "Ordering.API", "Services\Ordering\Ordering.API\Ordering.API.csproj", "{467EE986-E5E1-456D-BDA8-11498D4B1E73}"
EndProject
Project("{FAE04EC0-301F-11D3-BF4B-00C04F79EFBC}") = "Ordering.Domain", "Services\Ordering\Ordering.Domain\Ordering.Domain.csproj", "{D7D32A3A-4C52-46B6-B989-6C7CF0698089}"
EndProject
Project("{FAE04EC0-301F-11D3-BF4B-00C04F79EFBC}") = "Ordering.Application", "Services\Ordering\Ordering.Application\Ordering.Application.csproj", "{29AF1EAE-01A9-4401-A12C-9FB04AF674A7}"
EndProject
Project("{FAE04EC0-301F-11D3-BF4B-00C04F79EFBC}") = "Ordering.Infrastructure", "Services\Ordering\Ordering.Infrastructure\Ordering.Infrastructure.csproj", "{2D220763-1356-484C-96E7-4CC97AC94597}"
EndProject
Project("{FAE04EC0-301F-11D3-BF4B-00C04F79EFBC}") = "BuildingBlocks.Messaging", "BuildingBlocks\BuildingBlocks.Messaging\BuildingBlocks.Messaging.csproj", "{39692118-1DCA-4977-AD13-6A806B0F0253}"
EndProject
Project("{2150E333-8FDC-42A3-9474-1A3956D46DE8}") = "ApiGateways", "ApiGateways", "{0011C2CE-25B0-4449-8930-9402B5C6C16D}"
EndProject
Project("{FAE04EC0-301F-11D3-BF4B-00C04F79EFBC}") = "YarpApiGateway", "ApiGateways\YarpApiGateway\YarpApiGateway.csproj", "{24A06D61-71FA-4EE5-8FCF-86F7C05E54DA}"
EndProject
Project("{2150E333-8FDC-42A3-9474-1A3956D46DE8}") = "WebApps", "WebApps", "{696D8086-1F6C-4E34-80E2-11B1E98B7546}"
EndProject
Project("{FAE04EC0-301F-11D3-BF4B-00C04F79EFBC}") = "Shopping.Web", "WebApps\Shopping.Web\Shopping.Web.csproj", "{8B0E3902-C214-4FF0-B33A-254C0857D3C3}"
EndProject
Global
	GlobalSection(SolutionConfigurationPlatforms) = preSolution
		Debug|Any CPU = Debug|Any CPU
		Release|Any CPU = Release|Any CPU
	EndGlobalSection
	GlobalSection(ProjectConfigurationPlatforms) = postSolution
		{12B2453D-7112-4797-9F16-01B73FB41F63}.Debug|Any CPU.ActiveCfg = Debug|Any CPU
		{12B2453D-7112-4797-9F16-01B73FB41F63}.Debug|Any CPU.Build.0 = Debug|Any CPU
		{12B2453D-7112-4797-9F16-01B73FB41F63}.Release|Any CPU.ActiveCfg = Release|Any CPU
		{12B2453D-7112-4797-9F16-01B73FB41F63}.Release|Any CPU.Build.0 = Release|Any CPU
		{9A985CA0-CC95-4770-BF3B-7010E2C7D8B7}.Debug|Any CPU.ActiveCfg = Debug|Any CPU
		{9A985CA0-CC95-4770-BF3B-7010E2C7D8B7}.Debug|Any CPU.Build.0 = Debug|Any CPU
		{9A985CA0-CC95-4770-BF3B-7010E2C7D8B7}.Release|Any CPU.ActiveCfg = Release|Any CPU
		{9A985CA0-CC95-4770-BF3B-7010E2C7D8B7}.Release|Any CPU.Build.0 = Release|Any CPU
		{29D51C2E-0E40-4BD2-B1FF-FCDE3D91DB38}.Debug|Any CPU.ActiveCfg = Debug|Any CPU
		{29D51C2E-0E40-4BD2-B1FF-FCDE3D91DB38}.Debug|Any CPU.Build.0 = Debug|Any CPU
		{29D51C2E-0E40-4BD2-B1FF-FCDE3D91DB38}.Release|Any CPU.ActiveCfg = Release|Any CPU
		{29D51C2E-0E40-4BD2-B1FF-FCDE3D91DB38}.Release|Any CPU.Build.0 = Release|Any CPU
		{07C5965F-6D53-4AEC-8B95-DBF0AAC5C6C8}.Debug|Any CPU.ActiveCfg = Debug|Any CPU
		{07C5965F-6D53-4AEC-8B95-DBF0AAC5C6C8}.Debug|Any CPU.Build.0 = Debug|Any CPU
		{07C5965F-6D53-4AEC-8B95-DBF0AAC5C6C8}.Release|Any CPU.ActiveCfg = Release|Any CPU
		{07C5965F-6D53-4AEC-8B95-DBF0AAC5C6C8}.Release|Any CPU.Build.0 = Release|Any CPU
		{7A9F795E-D879-48FF-B627-523DBFC78FF8}.Debug|Any CPU.ActiveCfg = Debug|Any CPU
		{7A9F795E-D879-48FF-B627-523DBFC78FF8}.Debug|Any CPU.Build.0 = Debug|Any CPU
		{7A9F795E-D879-48FF-B627-523DBFC78FF8}.Release|Any CPU.ActiveCfg = Release|Any CPU
		{7A9F795E-D879-48FF-B627-523DBFC78FF8}.Release|Any CPU.Build.0 = Release|Any CPU
		{467EE986-E5E1-456D-BDA8-11498D4B1E73}.Debug|Any CPU.ActiveCfg = Debug|Any CPU
		{467EE986-E5E1-456D-BDA8-11498D4B1E73}.Debug|Any CPU.Build.0 = Debug|Any CPU
		{467EE986-E5E1-456D-BDA8-11498D4B1E73}.Release|Any CPU.ActiveCfg = Release|Any CPU
		{467EE986-E5E1-456D-BDA8-11498D4B1E73}.Release|Any CPU.Build.0 = Release|Any CPU
		{D7D32A3A-4C52-46B6-B989-6C7CF0698089}.Debug|Any CPU.ActiveCfg = Debug|Any CPU
		{D7D32A3A-4C52-46B6-B989-6C7CF0698089}.Debug|Any CPU.Build.0 = Debug|Any CPU
		{D7D32A3A-4C52-46B6-B989-6C7CF0698089}.Release|Any CPU.ActiveCfg = Release|Any CPU
		{D7D32A3A-4C52-46B6-B989-6C7CF0698089}.Release|Any CPU.Build.0 = Release|Any CPU
		{29AF1EAE-01A9-4401-A12C-9FB04AF674A7}.Debug|Any CPU.ActiveCfg = Debug|Any CPU
		{29AF1EAE-01A9-4401-A12C-9FB04AF674A7}.Debug|Any CPU.Build.0 = Debug|Any CPU
		{29AF1EAE-01A9-4401-A12C-9FB04AF674A7}.Release|Any CPU.ActiveCfg = Release|Any CPU
		{29AF1EAE-01A9-4401-A12C-9FB04AF674A7}.Release|Any CPU.Build.0 = Release|Any CPU
		{2D220763-1356-484C-96E7-4CC97AC94597}.Debug|Any CPU.ActiveCfg = Debug|Any CPU
		{2D220763-1356-484C-96E7-4CC97AC94597}.Debug|Any CPU.Build.0 = Debug|Any CPU
		{2D220763-1356-484C-96E7-4CC97AC94597}.Release|Any CPU.ActiveCfg = Release|Any CPU
		{2D220763-1356-484C-96E7-4CC97AC94597}.Release|Any CPU.Build.0 = Release|Any CPU
		{39692118-1DCA-4977-AD13-6A806B0F0253}.Debug|Any CPU.ActiveCfg = Debug|Any CPU
		{39692118-1DCA-4977-AD13-6A806B0F0253}.Debug|Any CPU.Build.0 = Debug|Any CPU
		{39692118-1DCA-4977-AD13-6A806B0F0253}.Release|Any CPU.ActiveCfg = Release|Any CPU
		{39692118-1DCA-4977-AD13-6A806B0F0253}.Release|Any CPU.Build.0 = Release|Any CPU
		{24A06D61-71FA-4EE5-8FCF-86F7C05E54DA}.Debug|Any CPU.ActiveCfg = Debug|Any CPU
		{24A06D61-71FA-4EE5-8FCF-86F7C05E54DA}.Debug|Any CPU.Build.0 = Debug|Any CPU
		{24A06D61-71FA-4EE5-8FCF-86F7C05E54DA}.Release|Any CPU.ActiveCfg = Release|Any CPU
		{24A06D61-71FA-4EE5-8FCF-86F7C05E54DA}.Release|Any CPU.Build.0 = Release|Any CPU
		{8B0E3902-C214-4FF0-B33A-254C0857D3C3}.Debug|Any CPU.ActiveCfg = Debug|Any CPU
		{8B0E3902-C214-4FF0-B33A-254C0857D3C3}.Debug|Any CPU.Build.0 = Debug|Any CPU
		{8B0E3902-C214-4FF0-B33A-254C0857D3C3}.Release|Any CPU.ActiveCfg = Release|Any CPU
		{8B0E3902-C214-4FF0-B33A-254C0857D3C3}.Release|Any CPU.Build.0 = Release|Any CPU
	EndGlobalSection
	GlobalSection(SolutionProperties) = preSolution
		HideSolutionNode = FALSE
	EndGlobalSection
	GlobalSection(NestedProjects) = preSolution
		{6277D076-5942-4A3E-8CA1-CC9FE2DB68CC} = {F51711A0-D648-4875-83EC-68B0C2E6D02C}
		{12B2453D-7112-4797-9F16-01B73FB41F63} = {6277D076-5942-4A3E-8CA1-CC9FE2DB68CC}
		{9A985CA0-CC95-4770-BF3B-7010E2C7D8B7} = {6C16EB15-F60C-419A-9928-8E29902B51BA}
		{9FA57B4E-6C05-4E18-B8B0-CFAF95637DFF} = {F51711A0-D648-4875-83EC-68B0C2E6D02C}
		{07C5965F-6D53-4AEC-8B95-DBF0AAC5C6C8} = {9FA57B4E-6C05-4E18-B8B0-CFAF95637DFF}
		{82B54994-8229-4AEB-BD93-C62769E2F42D} = {F51711A0-D648-4875-83EC-68B0C2E6D02C}
		{7A9F795E-D879-48FF-B627-523DBFC78FF8} = {82B54994-8229-4AEB-BD93-C62769E2F42D}
		{59C74370-CD95-4207-A3C2-08301C97B6D0} = {F51711A0-D648-4875-83EC-68B0C2E6D02C}
		{467EE986-E5E1-456D-BDA8-11498D4B1E73} = {59C74370-CD95-4207-A3C2-08301C97B6D0}
		{D7D32A3A-4C52-46B6-B989-6C7CF0698089} = {59C74370-CD95-4207-A3C2-08301C97B6D0}
		{29AF1EAE-01A9-4401-A12C-9FB04AF674A7} = {59C74370-CD95-4207-A3C2-08301C97B6D0}
		{2D220763-1356-484C-96E7-4CC97AC94597} = {59C74370-CD95-4207-A3C2-08301C97B6D0}
		{39692118-1DCA-4977-AD13-6A806B0F0253} = {6C16EB15-F60C-419A-9928-8E29902B51BA}
		{24A06D61-71FA-4EE5-8FCF-86F7C05E54DA} = {0011C2CE-25B0-4449-8930-9402B5C6C16D}
		{8B0E3902-C214-4FF0-B33A-254C0857D3C3} = {696D8086-1F6C-4E34-80E2-11B1E98B7546}
	EndGlobalSection
EndGlobal
