
Microsoft Visual Studio Solution File, Format Version 12.00
# Visual Studio Version 17
VisualStudioVersion = 17.12.35527.113
MinimumVisualStudioVersion = 10.0.40219.1
Project("{2150E333-8FDC-42A3-9474-1A3956D46DE8}") = "Services", "Services", "{F51711A0-D648-4875-83EC-68B0C2E6D02C}"
EndProject
Project("{2150E333-8FDC-42A3-9474-1A3956D46DE8}") = "Catalog", "Catalog", "{6277D076-5942-4A3E-8CA1-CC9FE2DB68CC}"
EndProject
Project("{FAE04EC0-301F-11D3-BF4B-00C04F79EFBC}") = "Catalog.API", "Services\Catalog\Catalog.API\Catalog.API.csproj", "{12B2453D-7112-4797-9F16-01B73FB41F63}"
EndProject
Project("{2150E333-8FDC-42A3-9474-1A3956D46DE8}") = "BuildingBlocks", "BuildingBlocks", "{6C16EB15-F60C-419A-9928-8E29902B51BA}"
EndProject
Project("{FAE04EC0-301F-11D3-BF4B-00C04F79EFBC}") = "BuildingBlocks", "BuildingBlocks\BuildingBlocks\BuildingBlocks.csproj", "{9A985CA0-CC95-4770-BF3B-7010E2C7D8B7}"
EndProject
Project("{E53339B2-1760-4266-BCC7-CA923CBCF16C}") = "docker-compose", "docker-compose.dcproj", "{29D51C2E-0E40-4BD2-B1FF-FCDE3D91DB38}"
EndProject
Project("{2150E333-8FDC-42A3-9474-1A3956D46DE8}") = "Basket", "Basket", "{9FA57B4E-6C05-4E18-B8B0-CFAF95637DFF}"
EndProject
Project("{FAE04EC0-301F-11D3-BF4B-00C04F79EFBC}") = "Basket.API", "Services\Basket\Basket.API\Basket.API.csproj", "{07C5965F-6D53-4AEC-8B95-DBF0AAC5C6C8}"
EndProject
Project("{2150E333-8FDC-42A3-9474-1A3956D46DE8}") = "Discount", "Discount", "{82B54994-8229-4AEB-BD93-C62769E2F42D}"
EndProject
Project("{FAE04EC0-301F-11D3-BF4B-00C04F79EFBC}") = "Discount.Grpc", "Services\Discount\Discount.Grpc\Discount.Grpc.csproj", "{7A9F795E-D879-48FF-B627-523DBFC78FF8}"
EndProject
Global
	GlobalSection(SolutionConfigurationPlatforms) = preSolution
		Debug|Any CPU = Debug|Any CPU
		Release|Any CPU = Release|Any CPU
	EndGlobalSection
	GlobalSection(ProjectConfigurationPlatforms) = postSolution
		{12B2453D-7112-4797-9F16-01B73FB41F63}.Debug|Any CPU.ActiveCfg = Debug|Any CPU
		{12B2453D-7112-4797-9F16-01B73FB41F63}.Debug|Any CPU.Build.0 = Debug|Any CPU
		{12B2453D-7112-4797-9F16-01B73FB41F63}.Release|Any CPU.ActiveCfg = Release|Any CPU
		{12B2453D-7112-4797-9F16-01B73FB41F63}.Release|Any CPU.Build.0 = Release|Any CPU
		{9A985CA0-CC95-4770-BF3B-7010E2C7D8B7}.Debug|Any CPU.ActiveCfg = Debug|Any CPU
		{9A985CA0-CC95-4770-BF3B-7010E2C7D8B7}.Debug|Any CPU.Build.0 = Debug|Any CPU
		{9A985CA0-CC95-4770-BF3B-7010E2C7D8B7}.Release|Any CPU.ActiveCfg = Release|Any CPU
		{9A985CA0-CC95-4770-BF3B-7010E2C7D8B7}.Release|Any CPU.Build.0 = Release|Any CPU
		{29D51C2E-0E40-4BD2-B1FF-FCDE3D91DB38}.Debug|Any CPU.ActiveCfg = Debug|Any CPU
		{29D51C2E-0E40-4BD2-B1FF-FCDE3D91DB38}.Debug|Any CPU.Build.0 = Debug|Any CPU
		{29D51C2E-0E40-4BD2-B1FF-FCDE3D91DB38}.Release|Any CPU.ActiveCfg = Release|Any CPU
		{29D51C2E-0E40-4BD2-B1FF-FCDE3D91DB38}.Release|Any CPU.Build.0 = Release|Any CPU
		{07C5965F-6D53-4AEC-8B95-DBF0AAC5C6C8}.Debug|Any CPU.ActiveCfg = Debug|Any CPU
		{07C5965F-6D53-4AEC-8B95-DBF0AAC5C6C8}.Debug|Any CPU.Build.0 = Debug|Any CPU
		{07C5965F-6D53-4AEC-8B95-DBF0AAC5C6C8}.Release|Any CPU.ActiveCfg = Release|Any CPU
		{07C5965F-6D53-4AEC-8B95-DBF0AAC5C6C8}.Release|Any CPU.Build.0 = Release|Any CPU
		{7A9F795E-D879-48FF-B627-523DBFC78FF8}.Debug|Any CPU.ActiveCfg = Debug|Any CPU
		{7A9F795E-D879-48FF-B627-523DBFC78FF8}.Debug|Any CPU.Build.0 = Debug|Any CPU
		{7A9F795E-D879-48FF-B627-523DBFC78FF8}.Release|Any CPU.ActiveCfg = Release|Any CPU
		{7A9F795E-D879-48FF-B627-523DBFC78FF8}.Release|Any CPU.Build.0 = Release|Any CPU
	EndGlobalSection
	GlobalSection(SolutionProperties) = preSolution
		HideSolutionNode = FALSE
	EndGlobalSection
	GlobalSection(NestedProjects) = preSolution
		{6277D076-5942-4A3E-8CA1-CC9FE2DB68CC} = {F51711A0-D648-4875-83EC-68B0C2E6D02C}
		{12B2453D-7112-4797-9F16-01B73FB41F63} = {6277D076-5942-4A3E-8CA1-CC9FE2DB68CC}
		{9A985CA0-CC95-4770-BF3B-7010E2C7D8B7} = {6C16EB15-F60C-419A-9928-8E29902B51BA}
		{9FA57B4E-6C05-4E18-B8B0-CFAF95637DFF} = {F51711A0-D648-4875-83EC-68B0C2E6D02C}
		{07C5965F-6D53-4AEC-8B95-DBF0AAC5C6C8} = {9FA57B4E-6C05-4E18-B8B0-CFAF95637DFF}
		{82B54994-8229-4AEB-BD93-C62769E2F42D} = {F51711A0-D648-4875-83EC-68B0C2E6D02C}
		{7A9F795E-D879-48FF-B627-523DBFC78FF8} = {82B54994-8229-4AEB-BD93-C62769E2F42D}
	EndGlobalSection
EndGlobal
